github.com/bahlo/generic-list-go v0.2.0 h1:5sz/EEAK+ls5wF+NeqDpk5+iNdMDXrh3z3nPnH1Wvgk=
github.com/bahlo/generic-list-go v0.2.0/go.mod h1:2KvAjgMlE5NNynlg/5iLrrCCZ2+5xWbdbCW3pNTGyYg=
github.com/floatdrop/fifo v0.1.1 h1:XgqCcX2VhJrOitobenAQ2AcQO21A0h+14lXbUqQgWFQ=
github.com/floatdrop/fifo v0.1.1/go.mod h1:0amavbcQlKVYsrSVlbCXhDHGtoYo6tWwWjySmk5Yemw=
github.com/floatdrop/lru v1.2.1 h1:8p719LBsu16f0V+fOn1h9gnfvKP/Hy3jZvXiLqDl/D4=
github.com/floatdrop/lru v1.2.1/go.mod h1:83zlXKA06Bm32JImNINCiTr0ldadvdAjUe5jSwIaw0s=
